
Microsoft Visual Studio Solution File, Format Version 12.00
# Visual Studio Version 17
VisualStudioVersion = 17.13.35919.96 d17.13
MinimumVisualStudioVersion = 10.0.40219.1
Project("{FAE04EC0-301F-11D3-BF4B-00C04F79EFBC}") = "LigaPro-CalvaJ_RodriguezJ_RualesM", "LigaPro-CalvaJ_RodriguezJ_RualesM\LigaPro-CalvaJ_RodriguezJ_RualesM.csproj", "{05781EEB-EDD2-44FA-9C9D-A2591D33F383}"
EndProject
Global
	GlobalSection(SolutionConfigurationPlatforms) = preSolution
		Debug|Any CPU = Debug|Any CPU
		Release|Any CPU = Release|Any CPU
	EndGlobalSection
	GlobalSection(ProjectConfigurationPlatforms) = postSolution
		{05781EEB-EDD2-44FA-9C9D-A2591D33F383}.Debug|Any CPU.ActiveCfg = Debug|Any CPU
		{05781EEB-EDD2-44FA-9C9D-A2591D33F383}.Debug|Any CPU.Build.0 = Debug|Any CPU
		{05781EEB-EDD2-44FA-9C9D-A2591D33F383}.Release|Any CPU.ActiveCfg = Release|Any CPU
		{05781EEB-EDD2-44FA-9C9D-A2591D33F383}.Release|Any CPU.Build.0 = Release|Any CPU
	EndGlobalSection
	GlobalSection(SolutionProperties) = preSolution
		HideSolutionNode = FALSE
	EndGlobalSection
	GlobalSection(ExtensibilityGlobals) = postSolution
		SolutionGuid = {700BD61F-F09B-48AC-8576-C633DCE95EEB}
	EndGlobalSection
EndGlobal
